
Microsoft Visual Studio Solution File, Format Version 12.00
# Visual Studio 14
VisualStudioVersion = 14.0.23107.0
MinimumVisualStudioVersion = 10.0.40219.1
Project("{E24C65DC-7377-472B-9ABA-BC803B73C61A}") = "Module1", "Module1\", "{EF2E2EA1-EC8E-486A-A0BF-3431FBCD23D5}"
	ProjectSection(WebsiteProperties) = preProject
		TargetFrameworkMoniker = ".NETFramework,Version%3Dv4.5.2"
		Debug.AspNetCompiler.VirtualPath = "/localhost_49409"
		Debug.AspNetCompiler.PhysicalPath = "Module1\"
		Debug.AspNetCompiler.TargetPath = "PrecompiledWeb\localhost_49409\"
		Debug.AspNetCompiler.Updateable = "true"
		Debug.AspNetCompiler.ForceOverwrite = "true"
		Debug.AspNetCompiler.FixedNames = "false"
		Debug.AspNetCompiler.Debug = "True"
		Release.AspNetCompiler.VirtualPath = "/localhost_49409"
		Release.AspNetCompiler.PhysicalPath = "Module1\"
		Release.AspNetCompiler.TargetPath = "PrecompiledWeb\localhost_49409\"
		Release.AspNetCompiler.Updateable = "true"
		Release.AspNetCompiler.ForceOverwrite = "true"
		Release.AspNetCompiler.FixedNames = "false"
		Release.AspNetCompiler.Debug = "False"
		VWDPort = "49409"
		SlnRelativePath = "Module1\"
		DefaultWebSiteLanguage = "Visual C#"
	EndProjectSection
EndProject
Project("{E24C65DC-7377-472B-9ABA-BC803B73C61A}") = "Module2", "Module2\", "{641EC188-6AFA-49F2-9653-7D2A35FE03CB}"
	ProjectSection(WebsiteProperties) = preProject
		TargetFrameworkMoniker = ".NETFramework,Version%3Dv4.5.2"
		Debug.AspNetCompiler.VirtualPath = "/localhost_49414"
		Debug.AspNetCompiler.PhysicalPath = "Module2\"
		Debug.AspNetCompiler.TargetPath = "PrecompiledWeb\localhost_49414\"
		Debug.AspNetCompiler.Updateable = "true"
		Debug.AspNetCompiler.ForceOverwrite = "true"
		Debug.AspNetCompiler.FixedNames = "false"
		Debug.AspNetCompiler.Debug = "True"
		Release.AspNetCompiler.VirtualPath = "/localhost_49414"
		Release.AspNetCompiler.PhysicalPath = "Module2\"
		Release.AspNetCompiler.TargetPath = "PrecompiledWeb\localhost_49414\"
		Release.AspNetCompiler.Updateable = "true"
		Release.AspNetCompiler.ForceOverwrite = "true"
		Release.AspNetCompiler.FixedNames = "false"
		Release.AspNetCompiler.Debug = "False"
		VWDPort = "49414"
		SlnRelativePath = "Module2\"
		DefaultWebSiteLanguage = "Visual C#"
	EndProjectSection
EndProject
Project("{E24C65DC-7377-472B-9ABA-BC803B73C61A}") = "Module3", "Module3\", "{EC9D55D4-002F-4DA9-A17B-D861640C4FE0}"
	ProjectSection(WebsiteProperties) = preProject
		TargetFrameworkMoniker = ".NETFramework,Version%3Dv4.5.2"
		Debug.AspNetCompiler.VirtualPath = "/localhost_49418"
		Debug.AspNetCompiler.PhysicalPath = "Module3\"
		Debug.AspNetCompiler.TargetPath = "PrecompiledWeb\localhost_49418\"
		Debug.AspNetCompiler.Updateable = "true"
		Debug.AspNetCompiler.ForceOverwrite = "true"
		Debug.AspNetCompiler.FixedNames = "false"
		Debug.AspNetCompiler.Debug = "True"
		Release.AspNetCompiler.VirtualPath = "/localhost_49418"
		Release.AspNetCompiler.PhysicalPath = "Module3\"
		Release.AspNetCompiler.TargetPath = "PrecompiledWeb\localhost_49418\"
		Release.AspNetCompiler.Updateable = "true"
		Release.AspNetCompiler.ForceOverwrite = "true"
		Release.AspNetCompiler.FixedNames = "false"
		Release.AspNetCompiler.Debug = "False"
		VWDPort = "49418"
		SlnRelativePath = "Module3\"
		DefaultWebSiteLanguage = "Visual C#"
	EndProjectSection
EndProject
Project("{E24C65DC-7377-472B-9ABA-BC803B73C61A}") = "Module5", "Module5\", "{999D36BE-F1DD-450A-8548-B4A258807768}"
	ProjectSection(WebsiteProperties) = preProject
		TargetFrameworkMoniker = ".NETFramework,Version%3Dv4.5.2"
		Debug.AspNetCompiler.VirtualPath = "/localhost_49457"
		Debug.AspNetCompiler.PhysicalPath = "Module5\"
		Debug.AspNetCompiler.TargetPath = "PrecompiledWeb\localhost_49457\"
		Debug.AspNetCompiler.Updateable = "true"
		Debug.AspNetCompiler.ForceOverwrite = "true"
		Debug.AspNetCompiler.FixedNames = "false"
		Debug.AspNetCompiler.Debug = "True"
		Release.AspNetCompiler.VirtualPath = "/localhost_49457"
		Release.AspNetCompiler.PhysicalPath = "Module5\"
		Release.AspNetCompiler.TargetPath = "PrecompiledWeb\localhost_49457\"
		Release.AspNetCompiler.Updateable = "true"
		Release.AspNetCompiler.ForceOverwrite = "true"
		Release.AspNetCompiler.FixedNames = "false"
		Release.AspNetCompiler.Debug = "False"
		VWDPort = "49457"
		SlnRelativePath = "Module5\"
		DefaultWebSiteLanguage = "Visual C#"
	EndProjectSection
EndProject
Project("{FAE04EC0-301F-11D3-BF4B-00C04F79EFBC}") = "Module4", "Module4\Module4.csproj", "{CD7AA3E5-8F9A-480B-9F31-C2DAD697A2BF}"
EndProject
Global
	GlobalSection(SolutionConfigurationPlatforms) = preSolution
		Debug|Any CPU = Debug|Any CPU
		Release|Any CPU = Release|Any CPU
	EndGlobalSection
	GlobalSection(ProjectConfigurationPlatforms) = postSolution
		{EF2E2EA1-EC8E-486A-A0BF-3431FBCD23D5}.Debug|Any CPU.ActiveCfg = Debug|Any CPU
		{EF2E2EA1-EC8E-486A-A0BF-3431FBCD23D5}.Debug|Any CPU.Build.0 = Debug|Any CPU
		{EF2E2EA1-EC8E-486A-A0BF-3431FBCD23D5}.Release|Any CPU.ActiveCfg = Debug|Any CPU
		{EF2E2EA1-EC8E-486A-A0BF-3431FBCD23D5}.Release|Any CPU.Build.0 = Debug|Any CPU
		{641EC188-6AFA-49F2-9653-7D2A35FE03CB}.Debug|Any CPU.ActiveCfg = Debug|Any CPU
		{641EC188-6AFA-49F2-9653-7D2A35FE03CB}.Debug|Any CPU.Build.0 = Debug|Any CPU
		{641EC188-6AFA-49F2-9653-7D2A35FE03CB}.Release|Any CPU.ActiveCfg = Debug|Any CPU
		{641EC188-6AFA-49F2-9653-7D2A35FE03CB}.Release|Any CPU.Build.0 = Debug|Any CPU
		{EC9D55D4-002F-4DA9-A17B-D861640C4FE0}.Debug|Any CPU.ActiveCfg = Debug|Any CPU
		{EC9D55D4-002F-4DA9-A17B-D861640C4FE0}.Debug|Any CPU.Build.0 = Debug|Any CPU
		{EC9D55D4-002F-4DA9-A17B-D861640C4FE0}.Release|Any CPU.ActiveCfg = Debug|Any CPU
		{EC9D55D4-002F-4DA9-A17B-D861640C4FE0}.Release|Any CPU.Build.0 = Debug|Any CPU
		{999D36BE-F1DD-450A-8548-B4A258807768}.Debug|Any CPU.ActiveCfg = Debug|Any CPU
		{999D36BE-F1DD-450A-8548-B4A258807768}.Debug|Any CPU.Build.0 = Debug|Any CPU
		{999D36BE-F1DD-450A-8548-B4A258807768}.Release|Any CPU.ActiveCfg = Debug|Any CPU
		{999D36BE-F1DD-450A-8548-B4A258807768}.Release|Any CPU.Build.0 = Debug|Any CPU
		{CD7AA3E5-8F9A-480B-9F31-C2DAD697A2BF}.Debug|Any CPU.ActiveCfg = Debug|Any CPU
		{CD7AA3E5-8F9A-480B-9F31-C2DAD697A2BF}.Debug|Any CPU.Build.0 = Debug|Any CPU
		{CD7AA3E5-8F9A-480B-9F31-C2DAD697A2BF}.Release|Any CPU.ActiveCfg = Release|Any CPU
		{CD7AA3E5-8F9A-480B-9F31-C2DAD697A2BF}.Release|Any CPU.Build.0 = Release|Any CPU
	EndGlobalSection
	GlobalSection(SolutionProperties) = preSolution
		HideSolutionNode = FALSE
	EndGlobalSection
EndGlobal
